
Microsoft Visual Studio Solution File, Format Version 12.00
# Visual Studio 14
VisualStudioVersion = 14.0.25123.0
MinimumVisualStudioVersion = 10.0.40219.1
Project("{2150E333-8FDC-42A3-9474-1A3956D46DE8}") = "src", "src", "{411252CB-9D25-42E7-A610-55EA793C43A9}"
EndProject
Project("{2150E333-8FDC-42A3-9474-1A3956D46DE8}") = "Solution Items", "Solution Items", "{1CA2C280-673C-417D-B310-79AEEAABB0EC}"
	ProjectSection(SolutionItems) = preProject
		global.json = global.json
	EndProjectSection
EndProject
Project("{8BB2217D-0F2D-49D1-97BC-3654ED321F3B}") = "ConsoleApp", "src\ConsoleApp\ConsoleApp.xproj", "{D6215F34-2027-435E-B898-62368668EE51}"
EndProject
Global
	GlobalSection(SolutionConfigurationPlatforms) = preSolution
		Debug|Any CPU = Debug|Any CPU
		Release|Any CPU = Release|Any CPU
	EndGlobalSection
	GlobalSection(ProjectConfigurationPlatforms) = postSolution
		{D6215F34-2027-435E-B898-62368668EE51}.Debug|Any CPU.ActiveCfg = Debug|Any CPU
		{D6215F34-2027-435E-B898-62368668EE51}.Debug|Any CPU.Build.0 = Debug|Any CPU
		{D6215F34-2027-435E-B898-62368668EE51}.Release|Any CPU.ActiveCfg = Release|Any CPU
		{D6215F34-2027-435E-B898-62368668EE51}.Release|Any CPU.Build.0 = Release|Any CPU
	EndGlobalSection
	GlobalSection(SolutionProperties) = preSolution
		HideSolutionNode = FALSE
	EndGlobalSection
	GlobalSection(NestedProjects) = preSolution
		{D6215F34-2027-435E-B898-62368668EE51} = {411252CB-9D25-42E7-A610-55EA793C43A9}
	EndGlobalSection
EndGlobal
